
Microsoft Visual Studio Solution File, Format Version 12.00
# Visual Studio Version 17
VisualStudioVersion = 17.4.33213.308
MinimumVisualStudioVersion = 10.0.40219.1
Project("{8BC9CEB8-8B4A-11D0-8D11-00A0C91BC942}") = "DE_AdvancedOptionsMod", "DE_Qol_xinput1_3_wrapper.vcxproj", "{76186562-0392-4AB8-AE67-2C7F3D21D75C}"
EndProject
Global
	GlobalSection(SolutionConfigurationPlatforms) = preSolution
		Debug_Sandbox|x64 = Debug_Sandbox|x64
		Debug_Sandbox|x86 = Debug_Sandbox|x86
		Debug_Vanilla|x64 = Debug_Vanilla|x64
		Debug_Vanilla|x86 = Debug_Vanilla|x86
		Debug|x64 = Debug|x64
		Debug|x86 = Debug|x86
		Dev_Sandbox|x64 = Dev_Sandbox|x64
		Dev_Sandbox|x86 = Dev_Sandbox|x86
		Dev_Vanilla|x64 = Dev_Vanilla|x64
		Dev_Vanilla|x86 = Dev_Vanilla|x86
		Release|x64 = Release|x64
		Release|x86 = Release|x86
		Sandbox|x64 = Sandbox|x64
		Sandbox|x86 = Sandbox|x86
		Vanilla|x64 = Vanilla|x64
		Vanilla|x86 = Vanilla|x86
	EndGlobalSection
	GlobalSection(ProjectConfigurationPlatforms) = postSolution
		{76186562-0392-4AB8-AE67-2C7F3D21D75C}.Debug_Sandbox|x64.ActiveCfg = Debug_Sandbox|x64
		{76186562-0392-4AB8-AE67-2C7F3D21D75C}.Debug_Sandbox|x64.Build.0 = Debug_Sandbox|x64
		{76186562-0392-4AB8-AE67-2C7F3D21D75C}.Debug_Sandbox|x86.ActiveCfg = Debug_Sandbox|Win32
		{76186562-0392-4AB8-AE67-2C7F3D21D75C}.Debug_Sandbox|x86.Build.0 = Debug_Sandbox|Win32
		{76186562-0392-4AB8-AE67-2C7F3D21D75C}.Debug_Vanilla|x64.ActiveCfg = Debug_Vanilla|x64
		{76186562-0392-4AB8-AE67-2C7F3D21D75C}.Debug_Vanilla|x64.Build.0 = Debug_Vanilla|x64
		{76186562-0392-4AB8-AE67-2C7F3D21D75C}.Debug_Vanilla|x86.ActiveCfg = Debug_Vanilla|Win32
		{76186562-0392-4AB8-AE67-2C7F3D21D75C}.Debug_Vanilla|x86.Build.0 = Debug_Vanilla|Win32
		{76186562-0392-4AB8-AE67-2C7F3D21D75C}.Debug|x64.ActiveCfg = Debug|x64
		{76186562-0392-4AB8-AE67-2C7F3D21D75C}.Debug|x64.Build.0 = Debug|x64
		{76186562-0392-4AB8-AE67-2C7F3D21D75C}.Debug|x86.ActiveCfg = Debug|Win32
		{76186562-0392-4AB8-AE67-2C7F3D21D75C}.Debug|x86.Build.0 = Debug|Win32
		{76186562-0392-4AB8-AE67-2C7F3D21D75C}.Dev_Sandbox|x64.ActiveCfg = Dev_Sandbox|x64
		{76186562-0392-4AB8-AE67-2C7F3D21D75C}.Dev_Sandbox|x64.Build.0 = Dev_Sandbox|x64
		{76186562-0392-4AB8-AE67-2C7F3D21D75C}.Dev_Sandbox|x86.ActiveCfg = Dev_Sandbox|Win32
		{76186562-0392-4AB8-AE67-2C7F3D21D75C}.Dev_Sandbox|x86.Build.0 = Dev_Sandbox|Win32
		{76186562-0392-4AB8-AE67-2C7F3D21D75C}.Dev_Vanilla|x64.ActiveCfg = Dev_Vanilla|x64
		{76186562-0392-4AB8-AE67-2C7F3D21D75C}.Dev_Vanilla|x64.Build.0 = Dev_Vanilla|x64
		{76186562-0392-4AB8-AE67-2C7F3D21D75C}.Dev_Vanilla|x86.ActiveCfg = Dev_Vanilla|Win32
		{76186562-0392-4AB8-AE67-2C7F3D21D75C}.Dev_Vanilla|x86.Build.0 = Dev_Vanilla|Win32
		{76186562-0392-4AB8-AE67-2C7F3D21D75C}.Release|x64.ActiveCfg = Release|x64
		{76186562-0392-4AB8-AE67-2C7F3D21D75C}.Release|x64.Build.0 = Release|x64
		{76186562-0392-4AB8-AE67-2C7F3D21D75C}.Release|x86.ActiveCfg = Release|Win32
		{76186562-0392-4AB8-AE67-2C7F3D21D75C}.Release|x86.Build.0 = Release|Win32
		{76186562-0392-4AB8-AE67-2C7F3D21D75C}.Sandbox|x64.ActiveCfg = Sandbox|x64
		{76186562-0392-4AB8-AE67-2C7F3D21D75C}.Sandbox|x64.Build.0 = Sandbox|x64
		{76186562-0392-4AB8-AE67-2C7F3D21D75C}.Sandbox|x86.ActiveCfg = Sandbox|Win32
		{76186562-0392-4AB8-AE67-2C7F3D21D75C}.Sandbox|x86.Build.0 = Sandbox|Win32
		{76186562-0392-4AB8-AE67-2C7F3D21D75C}.Vanilla|x64.ActiveCfg = Vanilla|x64
		{76186562-0392-4AB8-AE67-2C7F3D21D75C}.Vanilla|x64.Build.0 = Vanilla|x64
		{76186562-0392-4AB8-AE67-2C7F3D21D75C}.Vanilla|x86.ActiveCfg = Vanilla|Win32
		{76186562-0392-4AB8-AE67-2C7F3D21D75C}.Vanilla|x86.Build.0 = Vanilla|Win32
	EndGlobalSection
	GlobalSection(SolutionProperties) = preSolution
		HideSolutionNode = FALSE
	EndGlobalSection
	GlobalSection(ExtensibilityGlobals) = postSolution
		SolutionGuid = {A304EA4C-C8D0-4934-A5A9-3537A3A33896}
	EndGlobalSection
EndGlobal
