<?xml version="1.0" encoding="utf-8"?>
<Project ToolsVersion="4.0" xmlns="http://schemas.microsoft.com/developer/msbuild/2003">
  <ItemGroup>
    <ClInclude Include="stdafx.h" />
    <ClInclude Include="targetver.h" />
    <ClInclude Include="DE\BindLabelChanger.h" />
    <ClInclude Include="DE\ButtonCheck.h" />
    <ClInclude Include="DE\CommonDE.h" />
    <ClInclude Include="Config\Config.h" />
    <ClInclude Include="DE\ControllerLayout.h" />
    <ClInclude Include="DE\CustomWeapon.h" />
    <ClInclude Include="DE\LangManager.h" />
    <ClInclude Include="DE\LocalizedBindStringData.h" />
    <ClInclude Include="DE\MemHelper.h" />
    <ClInclude Include="DE\PlayerStateChecker.h" />
    <ClInclude Include="DE\UtilsDE.h" />
    <ClInclude Include="Voice\Voice.h" />
    <ClInclude Include="DE\WeaponSettings.h" />
    <ClInclude Include="DE\WeaponSwitcher.h" />
    <ClInclude Include="Loguru\loguru.hpp" />
    <ClInclude Include="dllmain.h" />
    <ClInclude Include="DE\idResourceListManager.h" />
    <ClInclude Include="DE\idPlayer.h" />
    <ClInclude Include="DE\idCmd.h" />
    <ClInclude Include="DE\idInventoryManager.h" />
    <ClInclude Include="DE\PlayerInventory.h" />
    <ClInclude Include="DE\idDebugManager.h" />
    <ClInclude Include="DE\MaterialLib.h" />
    <ClInclude Include="DE\idFontManager.h" />
    <ClInclude Include="DE\Patcher.h" />
    <ClInclude Include="DE\idRenderModelGuiManager.h" />
    <ClInclude Include="DE\idColor.h" />
    <ClInclude Include="DE\idConsoleLocalManager.h" />
    <ClInclude Include="DE\drawStretchPicHookArgs.h" />
    <ClInclude Include="DE\drawStringHookArgs.h" />
    <ClInclude Include="DE\idHudEventManager.h" />
    <ClInclude Include="DE\GameHudColorsManager.h" />
    <ClInclude Include="DE\Sigs.h" />
    <ClInclude Include="Scanner\Scanner.h" />
    <ClInclude Include="Common\Utils.h" />
    <ClInclude Include="DE\UserColorSet.h" />
    <ClInclude Include="System\FileWatcher.h" />
    <ClInclude Include="DE\idFxManager.h" />
    <ClInclude Include="Rtti\Rtti_Helper.h" />
    <ClInclude Include="DE\ReticleColorManager.h" />
    <ClInclude Include="DE\TypeInfoManager.h" />
    <ClInclude Include="DE\idGameSystemLocalManager.h" />
    <ClInclude Include="DE\idMapInstanceLocalManager.h" />
    <ClInclude Include="MinHookManager\MinHookManager.h" />
    <ClInclude Include="DE\idWeaponManager.h" />
    <ClInclude Include="DE\GameVersionInfoManager.h" />
    <ClInclude Include="Config\LogConfig.h" />
    <ClInclude Include="DE\idHudManager.h" />
    <ClInclude Include="DE\idLib.h" />
    <ClInclude Include="DE\idResourceManager.h" />
    <ClInclude Include="DE\ReticleScaleManager.h" />
    <ClInclude Include="DE\idSWFSpriteInstanceManager.h" />
    <ClInclude Include="TypeGenerator\ClassDefFileGenerator.h" />
    <ClInclude Include="DE\GeneratedClasses.h" />
    <ClInclude Include="DE\idPlayerMetricsManager.h" />
    <ClInclude Include="DE\GeneratedEnums.h" />
    <ClInclude Include="TypeGenerator\ClassDef.h" />
    <ClInclude Include="TypeGenerator\ClassDefContainer.h" />
    <ClInclude Include="TypeGenerator\varInfoCustom.h" />
    <ClInclude Include="TypeGenerator\EnumsDefFileGenerator.h" />
    <ClInclude Include="DE\idInventoryItemManager.h" />
    <ClInclude Include="DE\idSWFWidget_Hud_ReticleManager.h" />
    <ClInclude Include="DE\idDeclWeaponReticleManager.h" />
    <ClInclude Include="DE\idSWFWidgetManager.h" />
    <ClInclude Include="DE\Debug.h" />
    <ClInclude Include="DE\idDeclInfo.h" />
    <ClInclude Include="DE\idDeclGlobalShellManager.h" />
    <ClInclude Include="DE\MaterialDebug.h" />
    <ClInclude Include="Hud\CustomIceNadeIconManager.h" />
    <ClInclude Include="DE\LoadingScreenManager.h" />
    <ClInclude Include="ImGui\ImGuiUserConfig.h" />
    <ClInclude Include="ImGui\backend.hpp" />
    <ClInclude Include="ImGui\console\console.hpp" />
    <ClInclude Include="ImGui\dependencies\imgui\imconfig.h" />
    <ClInclude Include="ImGui\dependencies\imgui\imgui.h" />
    <ClInclude Include="ImGui\dependencies\imgui\imgui_impl_dx9.h" />
    <ClInclude Include="ImGui\dependencies\imgui\imgui_impl_dx10.h" />
    <ClInclude Include="ImGui\dependencies\imgui\imgui_impl_dx11.h" />
    <ClInclude Include="ImGui\dependencies\imgui\imgui_impl_dx12.h" />
    <ClInclude Include="ImGui\dependencies\imgui\imgui_impl_opengl3.h" />
    <ClInclude Include="ImGui\dependencies\imgui\imgui_impl_opengl3_loader.h" />
    <ClInclude Include="ImGui\dependencies\imgui\imgui_impl_vulkan.h" />
    <ClInclude Include="ImGui\dependencies\imgui\imgui_impl_win32.h" />
    <ClInclude Include="ImGui\dependencies\imgui\imgui_internal.h" />
    <ClInclude Include="ImGui\dependencies\imgui\imstb_rectpack.h" />
    <ClInclude Include="ImGui\dependencies\imgui\imstb_textedit.h" />
    <ClInclude Include="ImGui\dependencies\imgui\imstb_truetype.h" />
    <ClInclude Include="ImGui\dependencies\minhook\hde\hde32.h" />
    <ClInclude Include="ImGui\dependencies\minhook\hde\hde64.h" />
    <ClInclude Include="ImGui\dependencies\minhook\hde\pstdint.h" />
    <ClInclude Include="ImGui\dependencies\minhook\hde\table32.h" />
    <ClInclude Include="ImGui\dependencies\minhook\hde\table64.h" />
    <ClInclude Include="ImGui\dependencies\minhook\buffer.h" />
    <ClInclude Include="ImGui\dependencies\minhook\MinHook.h" />
    <ClInclude Include="ImGui\dependencies\minhook\trampoline.h" />
    <ClInclude Include="ImGui\hooks\backend\dx9\hook_directx9.hpp" />
    <ClInclude Include="ImGui\hooks\backend\dx10\hook_directx10.hpp" />
    <ClInclude Include="ImGui\hooks\backend\dx11\hook_directx11.hpp" />
    <ClInclude Include="ImGui\hooks\backend\dx12\hook_directx12.hpp" />
    <ClInclude Include="ImGui\hooks\backend\opengl\hook_opengl.hpp" />
    <ClInclude Include="ImGui\hooks\backend\vulkan\hook_vulkan.hpp" />
    <ClInclude Include="ImGui\hooks\hooks.hpp" />
    <ClInclude Include="ImGui\menu\menu.hpp" />
    <ClInclude Include="ImGui\utils\utils.hpp" />
    <ClInclude Include="include\MinHook.h" />
    <ClInclude Include="ImGui\ImGuiDebug.h" />
    <ClInclude Include="Hud\CustomCrosshairManager.h" />
    <ClInclude Include="FileOp\FileOp.h" />
    <ClInclude Include="DE\ImGuiManager.h" />
    <ClInclude Include="DE\idLibManager.h" />
    <ClInclude Include="K_Utils\K_Utils.h" />
    <ClInclude Include="ModSettings\modSettings.h" />
    <ClInclude Include="Json\nlohmann\json.hpp" />
    <ClInclude Include="Json\nlohmann\json_fwd.hpp" />
    <ClInclude Include="MD5\HashManager.h" />
    <ClInclude Include="Tools\cvarInfoGenerator.h" />
    <ClInclude Include="Tools\cmdInfoGenerator.h" />
    <ClInclude Include="ImGui\menu\DebugGui.h" />
    <ClInclude Include="ImGui\Fonts\font_awesome.h" />
    <ClInclude Include="ImGui\Fonts\Robotto.h" />
    <ClInclude Include="Debug\ImGuiDebugWin.h" />
    <ClInclude Include="DE\idCvarManager.h" />
    <ClInclude Include="DE\fastCvarManager.h" />
    <ClInclude Include="DE\ColorManager.h" />
    <ClInclude Include="DE\playerPropsManager.h" />
    <ClInclude Include="ImGui\menu\KaibzCrosshair.h" />
    <ClInclude Include="ImGui\menu\guiHelpers.h" />
    <ClInclude Include="ImGui\menu\GoToSettingsGui.h" />
    <ClInclude Include="DE\idEventManager.h" />
    <ClInclude Include="Tools\eventsInfoGenerator.h" />
    <ClInclude Include="DE\idDeclUIColorManager.h" />
    <ClInclude Include="ImGui\menu\KaibzHud.h" />
    <ClInclude Include="ImGui\Fonts\icomoonDoomEternal.h" />
    <ClInclude Include="Hud\KaibzHudManager.h" />
    <ClInclude Include="DE\winFocusManager.h" />
    <ClInclude Include="DE\EquipmentManager.h" />
    <ClInclude Include="DE\playerSoundManager.h" />
    <ClInclude Include="Hud\CustomIceNadeIconUIData.h" />
  </ItemGroup>
  <ItemGroup>
    <ClCompile Include="dllmain.cpp" />
    <ClCompile Include="stdafx.cpp" />
    <ClCompile Include="Config\Config.cpp" />
    <ClCompile Include="DE\MemHelper.cpp" />
    <ClCompile Include="Voice\Voice.cpp" />
    <ClCompile Include="Loguru\loguru.cpp" />
    <ClCompile Include="ImGui\console\console.cpp" />
    <ClCompile Include="ImGui\dependencies\imgui\imgui.cpp" />
    <ClCompile Include="ImGui\dependencies\imgui\imgui_demo.cpp" />
    <ClCompile Include="ImGui\dependencies\imgui\imgui_draw.cpp" />
    <ClCompile Include="ImGui\dependencies\imgui\imgui_impl_dx9.cpp" />
    <ClCompile Include="ImGui\dependencies\imgui\imgui_impl_dx10.cpp" />
    <ClCompile Include="ImGui\dependencies\imgui\imgui_impl_dx11.cpp" />
    <ClCompile Include="ImGui\dependencies\imgui\imgui_impl_dx12.cpp" />
    <ClCompile Include="ImGui\dependencies\imgui\imgui_impl_opengl3.cpp" />
    <ClCompile Include="ImGui\dependencies\imgui\imgui_impl_vulkan.cpp" />
    <ClCompile Include="ImGui\dependencies\imgui\imgui_impl_win32.cpp" />
    <ClCompile Include="ImGui\dependencies\imgui\imgui_tables.cpp" />
    <ClCompile Include="ImGui\dependencies\imgui\imgui_widgets.cpp" />
    <ClCompile Include="ImGui\dependencies\minhook\hde\hde32.c" />
    <ClCompile Include="ImGui\dependencies\minhook\hde\hde64.c" />
    <ClCompile Include="ImGui\dependencies\minhook\buffer.c" />
    <ClCompile Include="ImGui\dependencies\minhook\hook.c" />
    <ClCompile Include="ImGui\dependencies\minhook\trampoline.c" />
    <ClCompile Include="ImGui\hooks\backend\dx9\hook_directx9.cpp" />
    <ClCompile Include="ImGui\hooks\backend\dx10\hook_directx10.cpp" />
    <ClCompile Include="ImGui\hooks\backend\dx11\hook_directx11.cpp" />
    <ClCompile Include="ImGui\hooks\backend\dx12\hook_directx12.cpp" />
    <ClCompile Include="ImGui\hooks\backend\opengl\hook_opengl.cpp" />
    <ClCompile Include="ImGui\hooks\backend\vulkan\hook_vulkan.cpp" />
    <ClCompile Include="ImGui\hooks\hooks.cpp" />
    <ClCompile Include="ImGui\menu\menu.cpp" />
    <ClCompile Include="ImGui\utils\utils.cpp" />
    <ClCompile Include="FileOp\FileOp.cpp" />
    <ClCompile Include="DE\ImGuiManager.cpp" />
    <ClCompile Include="DE\TypeInfoManager.cpp" />
    <ClCompile Include="DE\idLibManager.cpp" />
    <ClCompile Include="K_Utils\K_Utils.cpp" />
    <ClCompile Include="ModSettings\modSettings.cpp" />
    <ClCompile Include="Scanner\Scanner.cpp" />
    <ClCompile Include="MinHookManager\MinHookManager.cpp" />
    <ClCompile Include="DE\BindLabelChanger.cpp" />
    <ClCompile Include="DE\ButtonCheck.cpp" />
    <ClCompile Include="DE\ControllerLayout.cpp" />
    <ClCompile Include="DE\CustomWeapon.cpp" />
    <ClCompile Include="DE\GameHudColorsManager.cpp" />
    <ClCompile Include="DE\GameVersionInfoManager.cpp" />
    <ClCompile Include="DE\idCmd.cpp" />
    <ClCompile Include="DE\idConsoleLocalManager.cpp" />
    <ClCompile Include="DE\idDeclGlobalShellManager.cpp" />
    <ClCompile Include="DE\idDeclInfo.cpp" />
    <ClCompile Include="DE\idDeclWeaponReticleManager.cpp" />
    <ClCompile Include="DE\idFontManager.cpp" />
    <ClCompile Include="DE\idFxManager.cpp" />
    <ClCompile Include="DE\idGameSystemLocalManager.cpp" />
    <ClCompile Include="DE\idHudEventManager.cpp" />
    <ClCompile Include="DE\idHudManager.cpp" />
    <ClCompile Include="DE\idInventoryItemManager.cpp" />
    <ClCompile Include="DE\idInventoryManager.cpp" />
    <ClCompile Include="DE\idMapInstanceLocalManager.cpp" />
    <ClCompile Include="DE\idPlayer.cpp" />
    <ClCompile Include="DE\idPlayerMetricsManager.cpp" />
    <ClCompile Include="DE\idRenderModelGuiManager.cpp" />
    <ClCompile Include="DE\idResourceListManager.cpp" />
    <ClCompile Include="DE\idResourceManager.cpp" />
    <ClCompile Include="DE\idSWFSpriteInstanceManager.cpp" />
    <ClCompile Include="DE\idSWFWidget_Hud_ReticleManager.cpp" />
    <ClCompile Include="DE\idSWFWidgetManager.cpp" />
    <ClCompile Include="DE\idWeaponManager.cpp" />
    <ClCompile Include="DE\LangManager.cpp" />
    <ClCompile Include="DE\LoadingScreenManager.cpp" />
    <ClCompile Include="DE\LocalizedBindStringData.cpp" />
    <ClCompile Include="DE\MaterialDebug.cpp" />
    <ClCompile Include="DE\MaterialLib.cpp" />
    <ClCompile Include="DE\Patcher.cpp" />
    <ClCompile Include="DE\PlayerInventory.cpp" />
    <ClCompile Include="DE\PlayerStateChecker.cpp" />
    <ClCompile Include="DE\ReticleColorManager.cpp" />
    <ClCompile Include="DE\UserColorSet.cpp" />
    <ClCompile Include="DE\WeaponSettings.cpp" />
    <ClCompile Include="DE\WeaponSwitcher.cpp" />
    <ClCompile Include="Hud\CustomIceNadeIconManager.cpp" />
    <ClCompile Include="MD5\HashManager.cpp" />
    <ClCompile Include="Tools\cvarInfoGenerator.cpp" />
    <ClCompile Include="Tools\cmdInfoGenerator.cpp" />
    <ClCompile Include="ImGui\menu\DebugGui.cpp" />
    <ClCompile Include="ImGui\Fonts\font_awesome.cpp" />
    <ClCompile Include="Debug\ImGuiDebugWin.cpp" />
    <ClCompile Include="DE\idCvarManager.cpp" />
    <ClCompile Include="DE\fastCvarManager.cpp" />
    <ClCompile Include="DE\ColorManager.cpp" />
    <ClCompile Include="DE\playerPropsManager.cpp" />
    <ClCompile Include="ImGui\menu\KaibzCrosshair.cpp" />
    <ClCompile Include="ImGui\menu\guiHelpers.cpp" />
    <ClCompile Include="ImGui\menu\GoToSettingsGui.cpp" />
    <ClCompile Include="DE\idEventManager.cpp" />
    <ClCompile Include="Tools\eventsInfoGenerator.cpp" />
    <ClCompile Include="DE\idDeclUIColorManager.cpp" />
    <ClCompile Include="Hud\CustomCrosshairManager.cpp" />
    <ClCompile Include="ImGui\menu\KaibzHud.cpp" />
    <ClCompile Include="ImGui\Fonts\EternalUiRegular_BWZGd.h" />
    <ClCompile Include="Hud\KaibzHudManager.cpp" />
    <ClCompile Include="DE\winFocusManager.cpp" />
    <ClCompile Include="DE\EquipmentManager.cpp" />
    <ClCompile Include="DE\playerSoundManager.cpp" />
    <ClCompile Include="Hud\CustomIceNadeIconUIData.cpp" />
  </ItemGroup>
  <ItemGroup>
    <Text Include="Gpt\MinHookTemplate.txt" />
  </ItemGroup>
  <ItemGroup>
    <Library Include="MinHookLibX64\libMinHook.x64.lib" />
  </ItemGroup>
  <ItemGroup>
    <None Include="Source.def" />
  </ItemGroup>
</Project>